// !$*UTF8*$!
{
	archiveVersion = 1;
	classes = {
	};
	objectVersion = 55;
	objects = {

/* Begin PBXBuildFile section */
		7F9CEF5B2826A1DA0058CCB3 /* CustomMenu_SideApp.swift in Sources */ = {isa = PBXBuildFile; fileRef = 7F9CEF4B2826A1D80058CCB3 /* CustomMenu_SideApp.swift */; };
		7F9CEF5C2826A1DA0058CCB3 /* CustomMenu_SideApp.swift in Sources */ = {isa = PBXBuildFile; fileRef = 7F9CEF4B2826A1D80058CCB3 /* CustomMenu_SideApp.swift */; };
		7F9CEF5D2826A1DA0058CCB3 /* ContentView.swift in Sources */ = {isa = PBXBuildFile; fileRef = 7F9CEF4C2826A1D80058CCB3 /* ContentView.swift */; };
		7F9CEF5E2826A1DA0058CCB3 /* ContentView.swift in Sources */ = {isa = PBXBuildFile; fileRef = 7F9CEF4C2826A1D80058CCB3 /* ContentView.swift */; };
		7F9CEF5F2826A1DA0058CCB3 /* Assets.xcassets in Resources */ = {isa = PBXBuildFile; fileRef = 7F9CEF4D2826A1DA0058CCB3 /* Assets.xcassets */; };
		7F9CEF602826A1DA0058CCB3 /* Assets.xcassets in Resources */ = {isa = PBXBuildFile; fileRef = 7F9CEF4D2826A1DA0058CCB3 /* Assets.xcassets */; };
		7F9CEF6A2826A4480058CCB3 /* MainView.swift in Sources */ = {isa = PBXBuildFile; fileRef = 7F9CEF692826A4480058CCB3 /* MainView.swift */; };
		7F9CEF6B2826A4480058CCB3 /* MainView.swift in Sources */ = {isa = PBXBuildFile; fileRef = 7F9CEF692826A4480058CCB3 /* MainView.swift */; };
		7F9CEF6D2826A4E90058CCB3 /* SideMenu.swift in Sources */ = {isa = PBXBuildFile; fileRef = 7F9CEF6C2826A4E90058CCB3 /* SideMenu.swift */; };
		7F9CEF6E2826A4E90058CCB3 /* SideMenu.swift in Sources */ = {isa = PBXBuildFile; fileRef = 7F9CEF6C2826A4E90058CCB3 /* SideMenu.swift */; };
		7F9CEF702826B67C0058CCB3 /* CustomTabView.swift in Sources */ = {isa = PBXBuildFile; fileRef = 7F9CEF6F2826B67C0058CCB3 /* CustomTabView.swift */; };
		7F9CEF712826B67C0058CCB3 /* CustomTabView.swift in Sources */ = {isa = PBXBuildFile; fileRef = 7F9CEF6F2826B67C0058CCB3 /* CustomTabView.swift */; };
		7F9CEF742826C19E0058CCB3 /* Home.swift in Sources */ = {isa = PBXBuildFile; fileRef = 7F9CEF732826C19E0058CCB3 /* Home.swift */; };
		7F9CEF752826C19E0058CCB3 /* Home.swift in Sources */ = {isa = PBXBuildFile; fileRef = 7F9CEF732826C19E0058CCB3 /* Home.swift */; };
/* End PBXBuildFile section */

/* Begin PBXFileReference section */
		7F9CEF4B2826A1D80058CCB3 /* CustomMenu_SideApp.swift */ = {isa = PBXFileReference; lastKnownFileType = sourcecode.swift; path = CustomMenu_SideApp.swift; sourceTree = "<group>"; };
		7F9CEF4C2826A1D80058CCB3 /* ContentView.swift */ = {isa = PBXFileReference; lastKnownFileType = sourcecode.swift; path = ContentView.swift; sourceTree = "<group>"; };
		7F9CEF4D2826A1DA0058CCB3 /* Assets.xcassets */ = {isa = PBXFileReference; lastKnownFileType = folder.assetcatalog; path = Assets.xcassets; sourceTree = "<group>"; };
		7F9CEF522826A1DA0058CCB3 /* CustomMenu_Side.app */ = {isa = PBXFileReference; explicitFileType = wrapper.application; includeInIndex = 0; path = CustomMenu_Side.app; sourceTree = BUILT_PRODUCTS_DIR; };
		7F9CEF582826A1DA0058CCB3 /* CustomMenu_Side.app */ = {isa = PBXFileReference; explicitFileType = wrapper.application; includeInIndex = 0; path = CustomMenu_Side.app; sourceTree = BUILT_PRODUCTS_DIR; };
		7F9CEF5A2826A1DA0058CCB3 /* macOS.entitlements */ = {isa = PBXFileReference; lastKnownFileType = text.plist.entitlements; path = macOS.entitlements; sourceTree = "<group>"; };
		7F9CEF692826A4480058CCB3 /* MainView.swift */ = {isa = PBXFileReference; lastKnownFileType = sourcecode.swift; path = MainView.swift; sourceTree = "<group>"; };
		7F9CEF6C2826A4E90058CCB3 /* SideMenu.swift */ = {isa = PBXFileReference; lastKnownFileType = sourcecode.swift; path = SideMenu.swift; sourceTree = "<group>"; };
		7F9CEF6F2826B67C0058CCB3 /* CustomTabView.swift */ = {isa = PBXFileReference; lastKnownFileType = sourcecode.swift; path = CustomTabView.swift; sourceTree = "<group>"; };
		7F9CEF732826C19E0058CCB3 /* Home.swift */ = {isa = PBXFileReference; lastKnownFileType = sourcecode.swift; path = Home.swift; sourceTree = "<group>"; };
/* End PBXFileReference section */

/* Begin PBXFrameworksBuildPhase section */
		7F9CEF4F2826A1DA0058CCB3 /* Frameworks */ = {
			isa = PBXFrameworksBuildPhase;
			buildActionMask = 2147483647;
			files = (
			);
			runOnlyForDeploymentPostprocessing = 0;
		};
		7F9CEF552826A1DA0058CCB3 /* Frameworks */ = {
			isa = PBXFrameworksBuildPhase;
			buildActionMask = 2147483647;
			files = (
			);
			runOnlyForDeploymentPostprocessing = 0;
		};
/* End PBXFrameworksBuildPhase section */

/* Begin PBXGroup section */
		7F9CEF452826A1D70058CCB3 = {
			isa = PBXGroup;
			children = (
				7F9CEF4A2826A1D80058CCB3 /* Shared */,
				7F9CEF592826A1DA0058CCB3 /* macOS */,
				7F9CEF532826A1DA0058CCB3 /* Products */,
			);
			sourceTree = "<group>";
		};
		7F9CEF4A2826A1D80058CCB3 /* Shared */ = {
			isa = PBXGroup;
			children = (
				7F9CEF722826C1900058CCB3 /* Tabs */,
				7F9CEF4B2826A1D80058CCB3 /* CustomMenu_SideApp.swift */,
				7F9CEF4C2826A1D80058CCB3 /* ContentView.swift */,
				7F9CEF692826A4480058CCB3 /* MainView.swift */,
				7F9CEF6F2826B67C0058CCB3 /* CustomTabView.swift */,
				7F9CEF6C2826A4E90058CCB3 /* SideMenu.swift */,
				7F9CEF4D2826A1DA0058CCB3 /* Assets.xcassets */,
			);
			path = Shared;
			sourceTree = "<group>";
		};
		7F9CEF532826A1DA0058CCB3 /* Products */ = {
			isa = PBXGroup;
			children = (
				7F9CEF522826A1DA0058CCB3 /* CustomMenu_Side.app */,
				7F9CEF582826A1DA0058CCB3 /* CustomMenu_Side.app */,
			);
			name = Products;
			sourceTree = "<group>";
		};
		7F9CEF592826A1DA0058CCB3 /* macOS */ = {
			isa = PBXGroup;
			children = (
				7F9CEF5A2826A1DA0058CCB3 /* macOS.entitlements */,
			);
			path = macOS;
			sourceTree = "<group>";
		};
		7F9CEF722826C1900058CCB3 /* Tabs */ = {
			isa = PBXGroup;
			children = (
				7F9CEF732826C19E0058CCB3 /* Home.swift */,
			);
			path = Tabs;
			sourceTree = "<group>";
		};
/* End PBXGroup section */

/* Begin PBXNativeTarget section */
		7F9CEF512826A1DA0058CCB3 /* CustomMenu_Side (iOS) */ = {
			isa = PBXNativeTarget;
			buildConfigurationList = 7F9CEF632826A1DA0058CCB3 /* Build configuration list for PBXNativeTarget "CustomMenu_Side (iOS)" */;
			buildPhases = (
				7F9CEF4E2826A1DA0058CCB3 /* Sources */,
				7F9CEF4F2826A1DA0058CCB3 /* Frameworks */,
				7F9CEF502826A1DA0058CCB3 /* Resources */,
			);
			buildRules = (
			);
			dependencies = (
			);
			name = "CustomMenu_Side (iOS)";
			productName = "CustomMenu_Side (iOS)";
			productReference = 7F9CEF522826A1DA0058CCB3 /* CustomMenu_Side.app */;
			productType = "com.apple.product-type.application";
		};
		7F9CEF572826A1DA0058CCB3 /* CustomMenu_Side (macOS) */ = {
			isa = PBXNativeTarget;
			buildConfigurationList = 7F9CEF662826A1DA0058CCB3 /* Build configuration list for PBXNativeTarget "CustomMenu_Side (macOS)" */;
			buildPhases = (
				7F9CEF542826A1DA0058CCB3 /* Sources */,
				7F9CEF552826A1DA0058CCB3 /* Frameworks */,
				7F9CEF562826A1DA0058CCB3 /* Resources */,
			);
			buildRules = (
			);
			dependencies = (
			);
			name = "CustomMenu_Side (macOS)";
			productName = "CustomMenu_Side (macOS)";
			productReference = 7F9CEF582826A1DA0058CCB3 /* CustomMenu_Side.app */;
			productType = "com.apple.product-type.application";
		};
/* End PBXNativeTarget section */

/* Begin PBXProject section */
		7F9CEF462826A1D70058CCB3 /* Project object */ = {
			isa = PBXProject;
			attributes = {
				BuildIndependentTargetsInParallel = 1;
				LastSwiftUpdateCheck = 1330;
				LastUpgradeCheck = 1330;
				TargetAttributes = {
					7F9CEF512826A1DA0058CCB3 = {
						CreatedOnToolsVersion = 13.3.1;
					};
					7F9CEF572826A1DA0058CCB3 = {
						CreatedOnToolsVersion = 13.3.1;
					};
				};
			};
			buildConfigurationList = 7F9CEF492826A1D70058CCB3 /* Build configuration list for PBXProject "CustomMenu_Side" */;
			compatibilityVersion = "Xcode 13.0";
			developmentRegion = en;
			hasScannedForEncodings = 0;
			knownRegions = (
				en,
				Base,
			);
			mainGroup = 7F9CEF452826A1D70058CCB3;
			productRefGroup = 7F9CEF532826A1DA0058CCB3 /* Products */;
			projectDirPath = "";
			projectRoot = "";
			targets = (
				7F9CEF512826A1DA0058CCB3 /* CustomMenu_Side (iOS) */,
				7F9CEF572826A1DA0058CCB3 /* CustomMenu_Side (macOS) */,
			);
		};
/* End PBXProject section */

/* Begin PBXResourcesBuildPhase section */
		7F9CEF502826A1DA0058CCB3 /* Resources */ = {
			isa = PBXResourcesBuildPhase;
			buildActionMask = 2147483647;
			files = (
				7F9CEF5F2826A1DA0058CCB3 /* Assets.xcassets in Resources */,
			);
			runOnlyForDeploymentPostprocessing = 0;
		};
		7F9CEF562826A1DA0058CCB3 /* Resources */ = {
			isa = PBXResourcesBuildPhase;
			buildActionMask = 2147483647;
			files = (
				7F9CEF602826A1DA0058CCB3 /* Assets.xcassets in Resources */,
			);
			runOnlyForDeploymentPostprocessing = 0;
		};
/* End PBXResourcesBuildPhase section */

/* Begin PBXSourcesBuildPhase section */
		7F9CEF4E2826A1DA0058CCB3 /* Sources */ = {
			isa = PBXSourcesBuildPhase;
			buildActionMask = 2147483647;
			files = (
				7F9CEF5D2826A1DA0058CCB3 /* ContentView.swift in Sources */,
				7F9CEF6A2826A4480058CCB3 /* MainView.swift in Sources */,
				7F9CEF702826B67C0058CCB3 /* CustomTabView.swift in Sources */,
				7F9CEF5B2826A1DA0058CCB3 /* CustomMenu_SideApp.swift in Sources */,
				7F9CEF742826C19E0058CCB3 /* Home.swift in Sources */,
				7F9CEF6D2826A4E90058CCB3 /* SideMenu.swift in Sources */,
			);
			runOnlyForDeploymentPostprocessing = 0;
		};
		7F9CEF542826A1DA0058CCB3 /* Sources */ = {
			isa = PBXSourcesBuildPhase;
			buildActionMask = 2147483647;
			files = (
				7F9CEF5E2826A1DA0058CCB3 /* ContentView.swift in Sources */,
				7F9CEF6B2826A4480058CCB3 /* MainView.swift in Sources */,
				7F9CEF712826B67C0058CCB3 /* CustomTabView.swift in Sources */,
				7F9CEF5C2826A1DA0058CCB3 /* CustomMenu_SideApp.swift in Sources */,
				7F9CEF752826C19E0058CCB3 /* Home.swift in Sources */,
				7F9CEF6E2826A4E90058CCB3 /* SideMenu.swift in Sources */,
			);
			runOnlyForDeploymentPostprocessing = 0;
		};
/* End PBXSourcesBuildPhase section */

/* Begin XCBuildConfiguration section */
		7F9CEF612826A1DA0058CCB3 /* Debug */ = {
			isa = XCBuildConfiguration;
			buildSettings = {
				ALWAYS_SEARCH_USER_PATHS = NO;
				CLANG_ANALYZER_NONNULL = YES;
				CLANG_ANALYZER_NUMBER_OBJECT_CONVERSION = YES_AGGRESSIVE;
				CLANG_CXX_LANGUAGE_STANDARD = "gnu++17";
				CLANG_ENABLE_MODULES = YES;
				CLANG_ENABLE_OBJC_ARC = YES;
				CLANG_ENABLE_OBJC_WEAK = YES;
				CLANG_WARN_BLOCK_CAPTURE_AUTORELEASING = YES;
				CLANG_WARN_BOOL_CONVERSION = YES;
				CLANG_WARN_COMMA = YES;
				CLANG_WARN_CONSTANT_CONVERSION = YES;
				CLANG_WARN_DEPRECATED_OBJC_IMPLEMENTATIONS = YES;
				CLANG_WARN_DIRECT_OBJC_ISA_USAGE = YES_ERROR;
				CLANG_WARN_DOCUMENTATION_COMMENTS = YES;
				CLANG_WARN_EMPTY_BODY = YES;
				CLANG_WARN_ENUM_CONVERSION = YES;
				CLANG_WARN_INFINITE_RECURSION = YES;
				CLANG_WARN_INT_CONVERSION = YES;
				CLANG_WARN_NON_LITERAL_NULL_CONVERSION = YES;
				CLANG_WARN_OBJC_IMPLICIT_RETAIN_SELF = YES;
				CLANG_WARN_OBJC_LITERAL_CONVERSION = YES;
				CLANG_WARN_OBJC_ROOT_CLASS = YES_ERROR;
				CLANG_WARN_QUOTED_INCLUDE_IN_FRAMEWORK_HEADER = YES;
				CLANG_WARN_RANGE_LOOP_ANALYSIS = YES;
				CLANG_WARN_STRICT_PROTOTYPES = YES;
				CLANG_WARN_SUSPICIOUS_MOVE = YES;
				CLANG_WARN_UNGUARDED_AVAILABILITY = YES_AGGRESSIVE;
				CLANG_WARN_UNREACHABLE_CODE = YES;
				CLANG_WARN__DUPLICATE_METHOD_MATCH = YES;
				COPY_PHASE_STRIP = NO;
				DEBUG_INFORMATION_FORMAT = dwarf;
				ENABLE_STRICT_OBJC_MSGSEND = YES;
				ENABLE_TESTABILITY = YES;
				GCC_C_LANGUAGE_STANDARD = gnu11;
				GCC_DYNAMIC_NO_PIC = NO;
				GCC_NO_COMMON_BLOCKS = YES;
				GCC_OPTIMIZATION_LEVEL = 0;
				GCC_PREPROCESSOR_DEFINITIONS = (
					"DEBUG=1",
					"$(inherited)",
				);
				GCC_WARN_64_TO_32_BIT_CONVERSION = YES;
				GCC_WARN_ABOUT_RETURN_TYPE = YES_ERROR;
				GCC_WARN_UNDECLARED_SELECTOR = YES;
				GCC_WARN_UNINITIALIZED_AUTOS = YES_AGGRESSIVE;
				GCC_WARN_UNUSED_FUNCTION = YES;
				GCC_WARN_UNUSED_VARIABLE = YES;
				MTL_ENABLE_DEBUG_INFO = INCLUDE_SOURCE;
				MTL_FAST_MATH = YES;
				ONLY_ACTIVE_ARCH = YES;
				SWIFT_ACTIVE_COMPILATION_CONDITIONS = DEBUG;
				SWIFT_OPTIMIZATION_LEVEL = "-Onone";
			};
			name = Debug;
		};
		7F9CEF622826A1DA0058CCB3 /* Release */ = {
			isa = XCBuildConfiguration;
			buildSettings = {
				ALWAYS_SEARCH_USER_PATHS = NO;
				CLANG_ANALYZER_NONNULL = YES;
				CLANG_ANALYZER_NUMBER_OBJECT_CONVERSION = YES_AGGRESSIVE;
				CLANG_CXX_LANGUAGE_STANDARD = "gnu++17";
				CLANG_ENABLE_MODULES = YES;
				CLANG_ENABLE_OBJC_ARC = YES;
				CLANG_ENABLE_OBJC_WEAK = YES;
				CLANG_WARN_BLOCK_CAPTURE_AUTORELEASING = YES;
				CLANG_WARN_BOOL_CONVERSION = YES;
				CLANG_WARN_COMMA = YES;
				CLANG_WARN_CONSTANT_CONVERSION = YES;
				CLANG_WARN_DEPRECATED_OBJC_IMPLEMENTATIONS = YES;
				CLANG_WARN_DIRECT_OBJC_ISA_USAGE = YES_ERROR;
				CLANG_WARN_DOCUMENTATION_COMMENTS = YES;
				CLANG_WARN_EMPTY_BODY = YES;
				CLANG_WARN_ENUM_CONVERSION = YES;
				CLANG_WARN_INFINITE_RECURSION = YES;
				CLANG_WARN_INT_CONVERSION = YES;
				CLANG_WARN_NON_LITERAL_NULL_CONVERSION = YES;
				CLANG_WARN_OBJC_IMPLICIT_RETAIN_SELF = YES;
				CLANG_WARN_OBJC_LITERAL_CONVERSION = YES;
				CLANG_WARN_OBJC_ROOT_CLASS = YES_ERROR;
				CLANG_WARN_QUOTED_INCLUDE_IN_FRAMEWORK_HEADER = YES;
				CLANG_WARN_RANGE_LOOP_ANALYSIS = YES;
				CLANG_WARN_STRICT_PROTOTYPES = YES;
				CLANG_WARN_SUSPICIOUS_MOVE = YES;
				CLANG_WARN_UNGUARDED_AVAILABILITY = YES_AGGRESSIVE;
				CLANG_WARN_UNREACHABLE_CODE = YES;
				CLANG_WARN__DUPLICATE_METHOD_MATCH = YES;
				COPY_PHASE_STRIP = NO;
				DEBUG_INFORMATION_FORMAT = "dwarf-with-dsym";
				ENABLE_NS_ASSERTIONS = NO;
				ENABLE_STRICT_OBJC_MSGSEND = YES;
				GCC_C_LANGUAGE_STANDARD = gnu11;
				GCC_NO_COMMON_BLOCKS = YES;
				GCC_WARN_64_TO_32_BIT_CONVERSION = YES;
				GCC_WARN_ABOUT_RETURN_TYPE = YES_ERROR;
				GCC_WARN_UNDECLARED_SELECTOR = YES;
				GCC_WARN_UNINITIALIZED_AUTOS = YES_AGGRESSIVE;
				GCC_WARN_UNUSED_FUNCTION = YES;
				GCC_WARN_UNUSED_VARIABLE = YES;
				MTL_ENABLE_DEBUG_INFO = NO;
				MTL_FAST_MATH = YES;
				SWIFT_COMPILATION_MODE = wholemodule;
				SWIFT_OPTIMIZATION_LEVEL = "-O";
			};
			name = Release;
		};
		7F9CEF642826A1DA0058CCB3 /* Debug */ = {
			isa = XCBuildConfiguration;
			buildSettings = {
				ASSETCATALOG_COMPILER_APPICON_NAME = AppIcon;
				ASSETCATALOG_COMPILER_GLOBAL_ACCENT_COLOR_NAME = AccentColor;
				CODE_SIGN_STYLE = Automatic;
				CURRENT_PROJECT_VERSION = 1;
				DEVELOPMENT_TEAM = 78M664753R;
				ENABLE_PREVIEWS = YES;
				GENERATE_INFOPLIST_FILE = YES;
				INFOPLIST_KEY_UIApplicationSceneManifest_Generation = YES;
				INFOPLIST_KEY_UIApplicationSupportsIndirectInputEvents = YES;
				INFOPLIST_KEY_UILaunchScreen_Generation = YES;
				INFOPLIST_KEY_UISupportedInterfaceOrientations_iPad = "UIInterfaceOrientationPortrait UIInterfaceOrientationPortraitUpsideDown UIInterfaceOrientationLandscapeLeft UIInterfaceOrientationLandscapeRight";
				INFOPLIST_KEY_UISupportedInterfaceOrientations_iPhone = "UIInterfaceOrientationPortrait UIInterfaceOrientationLandscapeLeft UIInterfaceOrientationLandscapeRight";
				IPHONEOS_DEPLOYMENT_TARGET = 15.4;
				LD_RUNPATH_SEARCH_PATHS = (
					"$(inherited)",
					"@executable_path/Frameworks",
				);
				MARKETING_VERSION = 1.0;
				PRODUCT_BUNDLE_IDENTIFIER = "work.yuye165.www.CustomMenu-Side";
				PRODUCT_NAME = CustomMenu_Side;
				SDKROOT = iphoneos;
				SWIFT_EMIT_LOC_STRINGS = YES;
				SWIFT_VERSION = 5.0;
				TARGETED_DEVICE_FAMILY = "1,2";
			};
			name = Debug;
		};
		7F9CEF652826A1DA0058CCB3 /* Release */ = {
			isa = XCBuildConfiguration;
			buildSettings = {
				ASSETCATALOG_COMPILER_APPICON_NAME = AppIcon;
				ASSETCATALOG_COMPILER_GLOBAL_ACCENT_COLOR_NAME = AccentColor;
				CODE_SIGN_STYLE = Automatic;
				CURRENT_PROJECT_VERSION = 1;
				DEVELOPMENT_TEAM = 78M664753R;
				ENABLE_PREVIEWS = YES;
				GENERATE_INFOPLIST_FILE = YES;
				INFOPLIST_KEY_UIApplicationSceneManifest_Generation = YES;
				INFOPLIST_KEY_UIApplicationSupportsIndirectInputEvents = YES;
				INFOPLIST_KEY_UILaunchScreen_Generation = YES;
				INFOPLIST_KEY_UISupportedInterfaceOrientations_iPad = "UIInterfaceOrientationPortrait UIInterfaceOrientationPortraitUpsideDown UIInterfaceOrientationLandscapeLeft UIInterfaceOrientationLandscapeRight";
				INFOPLIST_KEY_UISupportedInterfaceOrientations_iPhone = "UIInterfaceOrientationPortrait UIInterfaceOrientationLandscapeLeft UIInterfaceOrientationLandscapeRight";
				IPHONEOS_DEPLOYMENT_TARGET = 15.4;
				LD_RUNPATH_SEARCH_PATHS = (
					"$(inherited)",
					"@executable_path/Frameworks",
				);
				MARKETING_VERSION = 1.0;
				PRODUCT_BUNDLE_IDENTIFIER = "work.yuye165.www.CustomMenu-Side";
				PRODUCT_NAME = CustomMenu_Side;
				SDKROOT = iphoneos;
				SWIFT_EMIT_LOC_STRINGS = YES;
				SWIFT_VERSION = 5.0;
				TARGETED_DEVICE_FAMILY = "1,2";
				VALIDATE_PRODUCT = YES;
			};
			name = Release;
		};
		7F9CEF672826A1DA0058CCB3 /* Debug */ = {
			isa = XCBuildConfiguration;
			buildSettings = {
				ASSETCATALOG_COMPILER_APPICON_NAME = AppIcon;
				ASSETCATALOG_COMPILER_GLOBAL_ACCENT_COLOR_NAME = AccentColor;
				CODE_SIGN_ENTITLEMENTS = macOS/macOS.entitlements;
				CODE_SIGN_STYLE = Automatic;
				COMBINE_HIDPI_IMAGES = YES;
				CURRENT_PROJECT_VERSION = 1;
				DEVELOPMENT_TEAM = 78M664753R;
				ENABLE_HARDENED_RUNTIME = YES;
				ENABLE_PREVIEWS = YES;
				GENERATE_INFOPLIST_FILE = YES;
				INFOPLIST_KEY_NSHumanReadableCopyright = "";
				LD_RUNPATH_SEARCH_PATHS = (
					"$(inherited)",
					"@executable_path/../Frameworks",
				);
				MACOSX_DEPLOYMENT_TARGET = 12.1;
				MARKETING_VERSION = 1.0;
				PRODUCT_BUNDLE_IDENTIFIER = "work.yuye165.www.CustomMenu-Side";
				PRODUCT_NAME = CustomMenu_Side;
				SDKROOT = macosx;
				SWIFT_EMIT_LOC_STRINGS = YES;
				SWIFT_VERSION = 5.0;
			};
			name = Debug;
		};
		7F9CEF682826A1DA0058CCB3 /* Release */ = {
			isa = XCBuildConfiguration;
			buildSettings = {
				ASSETCATALOG_COMPILER_APPICON_NAME = AppIcon;
				ASSETCATALOG_COMPILER_GLOBAL_ACCENT_COLOR_NAME = AccentColor;
				CODE_SIGN_ENTITLEMENTS = macOS/macOS.entitlements;
				CODE_SIGN_STYLE = Automatic;
				COMBINE_HIDPI_IMAGES = YES;
				CURRENT_PROJECT_VERSION = 1;
				DEVELOPMENT_TEAM = 78M664753R;
				ENABLE_HARDENED_RUNTIME = YES;
				ENABLE_PREVIEWS = YES;
				GENERATE_INFOPLIST_FILE = YES;
				INFOPLIST_KEY_NSHumanReadableCopyright = "";
				LD_RUNPATH_SEARCH_PATHS = (
					"$(inherited)",
					"@executable_path/../Frameworks",
				);
				MACOSX_DEPLOYMENT_TARGET = 12.1;
				MARKETING_VERSION = 1.0;
				PRODUCT_BUNDLE_IDENTIFIER = "work.yuye165.www.CustomMenu-Side";
				PRODUCT_NAME = CustomMenu_Side;
				SDKROOT = macosx;
				SWIFT_EMIT_LOC_STRINGS = YES;
				SWIFT_VERSION = 5.0;
			};
			name = Release;
		};
/* End XCBuildConfiguration section */

/* Begin XCConfigurationList section */
		7F9CEF492826A1D70058CCB3 /* Build configuration list for PBXProject "CustomMenu_Side" */ = {
			isa = XCConfigurationList;
			buildConfigurations = (
				7F9CEF612826A1DA0058CCB3 /* Debug */,
				7F9CEF622826A1DA0058CCB3 /* Release */,
			);
			defaultConfigurationIsVisible = 0;
			defaultConfigurationName = Release;
		};
		7F9CEF632826A1DA0058CCB3 /* Build configuration list for PBXNativeTarget "CustomMenu_Side (iOS)" */ = {
			isa = XCConfigurationList;
			buildConfigurations = (
				7F9CEF642826A1DA0058CCB3 /* Debug */,
				7F9CEF652826A1DA0058CCB3 /* Release */,
			);
			defaultConfigurationIsVisible = 0;
			defaultConfigurationName = Release;
		};
		7F9CEF662826A1DA0058CCB3 /* Build configuration list for PBXNativeTarget "CustomMenu_Side (macOS)" */ = {
			isa = XCConfigurationList;
			buildConfigurations = (
				7F9CEF672826A1DA0058CCB3 /* Debug */,
				7F9CEF682826A1DA0058CCB3 /* Release */,
			);
			defaultConfigurationIsVisible = 0;
			defaultConfigurationName = Release;
		};
/* End XCConfigurationList section */
	};
	rootObject = 7F9CEF462826A1D70058CCB3 /* Project object */;
}
